
Microsoft Visual Studio Solution File, Format Version 12.00
# Visual Studio Version 16
VisualStudioVersion = 16.0.31129.286
MinimumVisualStudioVersion = 10.0.40219.1
Project("{9A19103F-16F7-4668-BE54-9A1E7A4F7556}") = "StockMarketApp.UploadExcel.Api", "StockMarketApp.UploadExcel.Api\StockMarketApp.UploadExcel.Api.csproj", "{734988DD-470E-4985-A155-DFB17D9690D5}"
EndProject
Project("{9A19103F-16F7-4668-BE54-9A1E7A4F7556}") = "StockMarketApp.ManageCompany.Api", "StockMarketApp.ManageCompany.Api\StockMarketApp.ManageCompany.Api.csproj", "{61BB1C0B-0100-4FD3-9B68-88168DF9DC6C}"
EndProject
Project("{9A19103F-16F7-4668-BE54-9A1E7A4F7556}") = "StockMarketApp.ManageSector.Api", "StockMarketApp.ManageSector.Api\StockMarketApp.ManageSector.Api.csproj", "{7B00D731-BDE3-496B-AAF3-60BA1A39E50A}"
EndProject
Project("{9A19103F-16F7-4668-BE54-9A1E7A4F7556}") = "StockMarketApp.ManageStockExchange.Api", "StockMarket.ManageStockExchange.Api\StockMarketApp.ManageStockExchange.Api.csproj", "{7D21F76E-A2B7-49AD-B096-14B5671FD05C}"
EndProject
Project("{9A19103F-16F7-4668-BE54-9A1E7A4F7556}") = "StockMarketApp.Authentication.Api", "StockMarketApp.Authentication.Api\StockMarketApp.Authentication.Api.csproj", "{D56D2A7D-4604-49A3-87BC-1657D5AF169E}"
EndProject
Project("{9A19103F-16F7-4668-BE54-9A1E7A4F7556}") = "StockMarketApp.Gateway.Api", "StockMarketApp.Gateway.Api\StockMarketApp.Gateway.Api.csproj", "{28493B94-170C-4CE8-B9DE-12CEE4FD81BD}"
EndProject
Global
	GlobalSection(SolutionConfigurationPlatforms) = preSolution
		Debug|Any CPU = Debug|Any CPU
		Release|Any CPU = Release|Any CPU
	EndGlobalSection
	GlobalSection(ProjectConfigurationPlatforms) = postSolution
		{734988DD-470E-4985-A155-DFB17D9690D5}.Debug|Any CPU.ActiveCfg = Debug|Any CPU
		{734988DD-470E-4985-A155-DFB17D9690D5}.Debug|Any CPU.Build.0 = Debug|Any CPU
		{734988DD-470E-4985-A155-DFB17D9690D5}.Release|Any CPU.ActiveCfg = Release|Any CPU
		{734988DD-470E-4985-A155-DFB17D9690D5}.Release|Any CPU.Build.0 = Release|Any CPU
		{61BB1C0B-0100-4FD3-9B68-88168DF9DC6C}.Debug|Any CPU.ActiveCfg = Debug|Any CPU
		{61BB1C0B-0100-4FD3-9B68-88168DF9DC6C}.Debug|Any CPU.Build.0 = Debug|Any CPU
		{61BB1C0B-0100-4FD3-9B68-88168DF9DC6C}.Release|Any CPU.ActiveCfg = Release|Any CPU
		{61BB1C0B-0100-4FD3-9B68-88168DF9DC6C}.Release|Any CPU.Build.0 = Release|Any CPU
		{7B00D731-BDE3-496B-AAF3-60BA1A39E50A}.Debug|Any CPU.ActiveCfg = Debug|Any CPU
		{7B00D731-BDE3-496B-AAF3-60BA1A39E50A}.Debug|Any CPU.Build.0 = Debug|Any CPU
		{7B00D731-BDE3-496B-AAF3-60BA1A39E50A}.Release|Any CPU.ActiveCfg = Release|Any CPU
		{7B00D731-BDE3-496B-AAF3-60BA1A39E50A}.Release|Any CPU.Build.0 = Release|Any CPU
		{7D21F76E-A2B7-49AD-B096-14B5671FD05C}.Debug|Any CPU.ActiveCfg = Debug|Any CPU
		{7D21F76E-A2B7-49AD-B096-14B5671FD05C}.Debug|Any CPU.Build.0 = Debug|Any CPU
		{7D21F76E-A2B7-49AD-B096-14B5671FD05C}.Release|Any CPU.ActiveCfg = Release|Any CPU
		{7D21F76E-A2B7-49AD-B096-14B5671FD05C}.Release|Any CPU.Build.0 = Release|Any CPU
		{D56D2A7D-4604-49A3-87BC-1657D5AF169E}.Debug|Any CPU.ActiveCfg = Debug|Any CPU
		{D56D2A7D-4604-49A3-87BC-1657D5AF169E}.Debug|Any CPU.Build.0 = Debug|Any CPU
		{D56D2A7D-4604-49A3-87BC-1657D5AF169E}.Release|Any CPU.ActiveCfg = Release|Any CPU
		{D56D2A7D-4604-49A3-87BC-1657D5AF169E}.Release|Any CPU.Build.0 = Release|Any CPU
		{28493B94-170C-4CE8-B9DE-12CEE4FD81BD}.Debug|Any CPU.ActiveCfg = Debug|Any CPU
		{28493B94-170C-4CE8-B9DE-12CEE4FD81BD}.Release|Any CPU.ActiveCfg = Release|Any CPU
		{28493B94-170C-4CE8-B9DE-12CEE4FD81BD}.Release|Any CPU.Build.0 = Release|Any CPU
	EndGlobalSection
	GlobalSection(SolutionProperties) = preSolution
		HideSolutionNode = FALSE
	EndGlobalSection
	GlobalSection(ExtensibilityGlobals) = postSolution
		SolutionGuid = {FBB1F85D-9CC5-492E-8A65-4063797F9348}
	EndGlobalSection
EndGlobal
